
Microsoft Visual Studio Solution File, Format Version 12.00
# Visual Studio Version 17
VisualStudioVersion = 17.11.35312.102
MinimumVisualStudioVersion = 10.0.40219.1
Project("{FAE04EC0-301F-11D3-BF4B-00C04F79EFBC}") = "GitTaak1", "GitTaak1\GitTaak1.csproj", "{EA83949A-3428-4708-B5DA-952FE6D6D09E}"
EndProject
Global
	GlobalSection(SolutionConfigurationPlatforms) = preSolution
		Debug|Any CPU = Debug|Any CPU
		Release|Any CPU = Release|Any CPU
	EndGlobalSection
	GlobalSection(ProjectConfigurationPlatforms) = postSolution
		{EA83949A-3428-4708-B5DA-952FE6D6D09E}.Debug|Any CPU.ActiveCfg = Debug|Any CPU
		{EA83949A-3428-4708-B5DA-952FE6D6D09E}.Debug|Any CPU.Build.0 = Debug|Any CPU
		{EA83949A-3428-4708-B5DA-952FE6D6D09E}.Release|Any CPU.ActiveCfg = Release|Any CPU
		{EA83949A-3428-4708-B5DA-952FE6D6D09E}.Release|Any CPU.Build.0 = Release|Any CPU
	EndGlobalSection
	GlobalSection(SolutionProperties) = preSolution
		HideSolutionNode = FALSE
	EndGlobalSection
	GlobalSection(ExtensibilityGlobals) = postSolution
		SolutionGuid = {9F5F9227-E168-4D61-B8CF-2F58A408026B}
	EndGlobalSection
EndGlobal
